// !$*UTF8*$!
{
	archiveVersion = 1;
	classes = {
	};
	objectVersion = 46;
	objects = {

/* Begin PBXBuildFile section */
		01194F5A1E4C474000261BEC /* AppDelegate.swift in Sources */ = {isa = PBXBuildFile; fileRef = 01194F591E4C474000261BEC /* AppDelegate.swift */; };
		01194F5C1E4C474000261BEC /* MealViewController.swift in Sources */ = {isa = PBXBuildFile; fileRef = 01194F5B1E4C474000261BEC /* MealViewController.swift */; };
		01194F5F1E4C474000261BEC /* Main.storyboard in Resources */ = {isa = PBXBuildFile; fileRef = 01194F5D1E4C474000261BEC /* Main.storyboard */; };
		01194F641E4C474000261BEC /* LaunchScreen.storyboard in Resources */ = {isa = PBXBuildFile; fileRef = 01194F621E4C474000261BEC /* LaunchScreen.storyboard */; };
		01194F6F1E4C474000261BEC /* FoodTrackerTests.swift in Sources */ = {isa = PBXBuildFile; fileRef = 01194F6E1E4C474000261BEC /* FoodTrackerTests.swift */; };
		01B5FDF51E4E066D004189AE /* RatingControl.swift in Sources */ = {isa = PBXBuildFile; fileRef = 01B5FDF41E4E066D004189AE /* RatingControl.swift */; };
		01CAC4DC1E4EA27400AE3903 /* Meal.swift in Sources */ = {isa = PBXBuildFile; fileRef = 01CAC4DB1E4EA27400AE3903 /* Meal.swift */; };
		01CAC4E01E4EC36F00AE3903 /* Assets.xcassets in Resources */ = {isa = PBXBuildFile; fileRef = 01CAC4DF1E4EC36F00AE3903 /* Assets.xcassets */; };
		01CAC4E21E4ED76A00AE3903 /* MealTableViewCell.swift in Sources */ = {isa = PBXBuildFile; fileRef = 01CAC4E11E4ED76A00AE3903 /* MealTableViewCell.swift */; };
		01CAC4E41E4ED8B300AE3903 /* MealTableViewController.swift in Sources */ = {isa = PBXBuildFile; fileRef = 01CAC4E31E4ED8B300AE3903 /* MealTableViewController.swift */; };
/* End PBXBuildFile section */

/* Begin PBXContainerItemProxy section */
		01194F6B1E4C474000261BEC /* PBXContainerItemProxy */ = {
			isa = PBXContainerItemProxy;
			containerPortal = 01194F4E1E4C473E00261BEC /* Project object */;
			proxyType = 1;
			remoteGlobalIDString = 01194F551E4C473E00261BEC;
			remoteInfo = FoodTracker;
		};
/* End PBXContainerItemProxy section */

/* Begin PBXFileReference section */
		01194F561E4C474000261BEC /* FoodTracker.app */ = {isa = PBXFileReference; explicitFileType = wrapper.application; includeInIndex = 0; path = FoodTracker.app; sourceTree = BUILT_PRODUCTS_DIR; };
		01194F591E4C474000261BEC /* AppDelegate.swift */ = {isa = PBXFileReference; lastKnownFileType = sourcecode.swift; path = AppDelegate.swift; sourceTree = "<group>"; };
		01194F5B1E4C474000261BEC /* MealViewController.swift */ = {isa = PBXFileReference; lastKnownFileType = sourcecode.swift; path = MealViewController.swift; sourceTree = "<group>"; };
		01194F5E1E4C474000261BEC /* Base */ = {isa = PBXFileReference; lastKnownFileType = file.storyboard; name = Base; path = Base.lproj/Main.storyboard; sourceTree = "<group>"; };
		01194F631E4C474000261BEC /* Base */ = {isa = PBXFileReference; lastKnownFileType = file.storyboard; name = Base; path = Base.lproj/LaunchScreen.storyboard; sourceTree = "<group>"; };
		01194F651E4C474000261BEC /* Info.plist */ = {isa = PBXFileReference; lastKnownFileType = text.plist.xml; path = Info.plist; sourceTree = "<group>"; };
		01194F6A1E4C474000261BEC /* FoodTrackerTests.xctest */ = {isa = PBXFileReference; explicitFileType = wrapper.cfbundle; includeInIndex = 0; path = FoodTrackerTests.xctest; sourceTree = BUILT_PRODUCTS_DIR; };
		01194F6E1E4C474000261BEC /* FoodTrackerTests.swift */ = {isa = PBXFileReference; lastKnownFileType = sourcecode.swift; path = FoodTrackerTests.swift; sourceTree = "<group>"; };
		01194F701E4C474000261BEC /* Info.plist */ = {isa = PBXFileReference; lastKnownFileType = text.plist.xml; path = Info.plist; sourceTree = "<group>"; };
		01B5FDF41E4E066D004189AE /* RatingControl.swift */ = {isa = PBXFileReference; fileEncoding = 4; lastKnownFileType = sourcecode.swift; path = RatingControl.swift; sourceTree = "<group>"; };
		01CAC4DB1E4EA27400AE3903 /* Meal.swift */ = {isa = PBXFileReference; fileEncoding = 4; lastKnownFileType = sourcecode.swift; path = Meal.swift; sourceTree = "<group>"; };
		01CAC4DF1E4EC36F00AE3903 /* Assets.xcassets */ = {isa = PBXFileReference; lastKnownFileType = folder.assetcatalog; path = Assets.xcassets; sourceTree = "<group>"; };
		01CAC4E11E4ED76A00AE3903 /* MealTableViewCell.swift */ = {isa = PBXFileReference; fileEncoding = 4; lastKnownFileType = sourcecode.swift; path = MealTableViewCell.swift; sourceTree = "<group>"; };
		01CAC4E31E4ED8B300AE3903 /* MealTableViewController.swift */ = {isa = PBXFileReference; fileEncoding = 4; lastKnownFileType = sourcecode.swift; path = MealTableViewController.swift; sourceTree = "<group>"; };
/* End PBXFileReference section */

/* Begin PBXFrameworksBuildPhase section */
		01194F531E4C473E00261BEC /* Frameworks */ = {
			isa = PBXFrameworksBuildPhase;
			buildActionMask = 2147483647;
			files = (
			);
			runOnlyForDeploymentPostprocessing = 0;
		};
		01194F671E4C474000261BEC /* Frameworks */ = {
			isa = PBXFrameworksBuildPhase;
			buildActionMask = 2147483647;
			files = (
			);
			runOnlyForDeploymentPostprocessing = 0;
		};
/* End PBXFrameworksBuildPhase section */

/* Begin PBXGroup section */
		01194F4D1E4C473D00261BEC = {
			isa = PBXGroup;
			children = (
				01CAC4E11E4ED76A00AE3903 /* MealTableViewCell.swift */,
				01194F581E4C474000261BEC /* FoodTracker */,
				01194F6D1E4C474000261BEC /* FoodTrackerTests */,
				01194F571E4C474000261BEC /* Products */,
			);
			sourceTree = "<group>";
		};
		01194F571E4C474000261BEC /* Products */ = {
			isa = PBXGroup;
			children = (
				01194F561E4C474000261BEC /* FoodTracker.app */,
				01194F6A1E4C474000261BEC /* FoodTrackerTests.xctest */,
			);
			name = Products;
			sourceTree = "<group>";
		};
		01194F581E4C474000261BEC /* FoodTracker */ = {
			isa = PBXGroup;
			children = (
				01CAC4E31E4ED8B300AE3903 /* MealTableViewController.swift */,
				01CAC4DB1E4EA27400AE3903 /* Meal.swift */,
				01194F591E4C474000261BEC /* AppDelegate.swift */,
				01194F5B1E4C474000261BEC /* MealViewController.swift */,
				01B5FDF41E4E066D004189AE /* RatingControl.swift */,
				01194F5D1E4C474000261BEC /* Main.storyboard */,
				01CAC4DF1E4EC36F00AE3903 /* Assets.xcassets */,
				01194F621E4C474000261BEC /* LaunchScreen.storyboard */,
				01194F651E4C474000261BEC /* Info.plist */,
			);
			path = FoodTracker;
			sourceTree = "<group>";
		};
		01194F6D1E4C474000261BEC /* FoodTrackerTests */ = {
			isa = PBXGroup;
			children = (
				01194F6E1E4C474000261BEC /* FoodTrackerTests.swift */,
				01194F701E4C474000261BEC /* Info.plist */,
			);
			path = FoodTrackerTests;
			sourceTree = "<group>";
		};
/* End PBXGroup section */

/* Begin PBXNativeTarget section */
		01194F551E4C473E00261BEC /* FoodTracker */ = {
			isa = PBXNativeTarget;
			buildConfigurationList = 01194F731E4C474000261BEC /* Build configuration list for PBXNativeTarget "FoodTracker" */;
			buildPhases = (
				01194F521E4C473E00261BEC /* Sources */,
				01194F531E4C473E00261BEC /* Frameworks */,
				01194F541E4C473E00261BEC /* Resources */,
			);
			buildRules = (
			);
			dependencies = (
			);
			name = FoodTracker;
			productName = FoodTracker;
			productReference = 01194F561E4C474000261BEC /* FoodTracker.app */;
			productType = "com.apple.product-type.application";
		};
		01194F691E4C474000261BEC /* FoodTrackerTests */ = {
			isa = PBXNativeTarget;
			buildConfigurationList = 01194F761E4C474000261BEC /* Build configuration list for PBXNativeTarget "FoodTrackerTests" */;
			buildPhases = (
				01194F661E4C474000261BEC /* Sources */,
				01194F671E4C474000261BEC /* Frameworks */,
				01194F681E4C474000261BEC /* Resources */,
			);
			buildRules = (
			);
			dependencies = (
				01194F6C1E4C474000261BEC /* PBXTargetDependency */,
			);
			name = FoodTrackerTests;
			productName = FoodTrackerTests;
			productReference = 01194F6A1E4C474000261BEC /* FoodTrackerTests.xctest */;
			productType = "com.apple.product-type.bundle.unit-test";
		};
/* End PBXNativeTarget section */

/* Begin PBXProject section */
		01194F4E1E4C473E00261BEC /* Project object */ = {
			isa = PBXProject;
			attributes = {
				LastSwiftUpdateCheck = 0820;
				LastUpgradeCheck = 0820;
				ORGANIZATIONNAME = "Naveen Dangeti";
				TargetAttributes = {
					01194F551E4C473E00261BEC = {
						CreatedOnToolsVersion = 8.2.1;
						ProvisioningStyle = Automatic;
					};
					01194F691E4C474000261BEC = {
						CreatedOnToolsVersion = 8.2.1;
						ProvisioningStyle = Automatic;
						TestTargetID = 01194F551E4C473E00261BEC;
					};
				};
			};
			buildConfigurationList = 01194F511E4C473E00261BEC /* Build configuration list for PBXProject "FoodTracker" */;
			compatibilityVersion = "Xcode 3.2";
			developmentRegion = English;
			hasScannedForEncodings = 0;
			knownRegions = (
				en,
				Base,
			);
			mainGroup = 01194F4D1E4C473D00261BEC;
			productRefGroup = 01194F571E4C474000261BEC /* Products */;
			projectDirPath = "";
			projectRoot = "";
			targets = (
				01194F551E4C473E00261BEC /* FoodTracker */,
				01194F691E4C474000261BEC /* FoodTrackerTests */,
			);
		};
/* End PBXProject section */

/* Begin PBXResourcesBuildPhase section */
		01194F541E4C473E00261BEC /* Resources */ = {
			isa = PBXResourcesBuildPhase;
			buildActionMask = 2147483647;
			files = (
				01194F641E4C474000261BEC /* LaunchScreen.storyboard in Resources */,
				01CAC4E01E4EC36F00AE3903 /* Assets.xcassets in Resources */,
				01194F5F1E4C474000261BEC /* Main.storyboard in Resources */,
			);
			runOnlyForDeploymentPostprocessing = 0;
		};
		01194F681E4C474000261BEC /* Resources */ = {
			isa = PBXResourcesBuildPhase;
			buildActionMask = 2147483647;
			files = (
			);
			runOnlyForDeploymentPostprocessing = 0;
		};
/* End PBXResourcesBuildPhase section */

/* Begin PBXSourcesBuildPhase section */
		01194F521E4C473E00261BEC /* Sources */ = {
			isa = PBXSourcesBuildPhase;
			buildActionMask = 2147483647;
			files = (
				01CAC4DC1E4EA27400AE3903 /* Meal.swift in Sources */,
				01194F5C1E4C474000261BEC /* MealViewController.swift in Sources */,
				01B5FDF51E4E066D004189AE /* RatingControl.swift in Sources */,
				01194F5A1E4C474000261BEC /* AppDelegate.swift in Sources */,
				01CAC4E41E4ED8B300AE3903 /* MealTableViewController.swift in Sources */,
				01CAC4E21E4ED76A00AE3903 /* MealTableViewCell.swift in Sources */,
			);
			runOnlyForDeploymentPostprocessing = 0;
		};
		01194F661E4C474000261BEC /* Sources */ = {
			isa = PBXSourcesBuildPhase;
			buildActionMask = 2147483647;
			files = (
				01194F6F1E4C474000261BEC /* FoodTrackerTests.swift in Sources */,
			);
			runOnlyForDeploymentPostprocessing = 0;
		};
/* End PBXSourcesBuildPhase section */

/* Begin PBXTargetDependency section */
		01194F6C1E4C474000261BEC /* PBXTargetDependency */ = {
			isa = PBXTargetDependency;
			target = 01194F551E4C473E00261BEC /* FoodTracker */;
			targetProxy = 01194F6B1E4C474000261BEC /* PBXContainerItemProxy */;
		};
/* End PBXTargetDependency section */

/* Begin PBXVariantGroup section */
		01194F5D1E4C474000261BEC /* Main.storyboard */ = {
			isa = PBXVariantGroup;
			children = (
				01194F5E1E4C474000261BEC /* Base */,
			);
			name = Main.storyboard;
			sourceTree = "<group>";
		};
		01194F621E4C474000261BEC /* LaunchScreen.storyboard */ = {
			isa = PBXVariantGroup;
			children = (
				01194F631E4C474000261BEC /* Base */,
			);
			name = LaunchScreen.storyboard;
			sourceTree = "<group>";
		};
/* End PBXVariantGroup section */

/* Begin XCBuildConfiguration section */
		01194F711E4C474000261BEC /* Debug */ = {
			isa = XCBuildConfiguration;
			buildSettings = {
				ALWAYS_SEARCH_USER_PATHS = NO;
				CLANG_ANALYZER_NONNULL = YES;
				CLANG_CXX_LANGUAGE_STANDARD = "gnu++0x";
				CLANG_CXX_LIBRARY = "libc++";
				CLANG_ENABLE_MODULES = YES;
				CLANG_ENABLE_OBJC_ARC = YES;
				CLANG_WARN_BOOL_CONVERSION = YES;
				CLANG_WARN_CONSTANT_CONVERSION = YES;
				CLANG_WARN_DIRECT_OBJC_ISA_USAGE = YES_ERROR;
				CLANG_WARN_DOCUMENTATION_COMMENTS = YES;
				CLANG_WARN_EMPTY_BODY = YES;
				CLANG_WARN_ENUM_CONVERSION = YES;
				CLANG_WARN_INFINITE_RECURSION = YES;
				CLANG_WARN_INT_CONVERSION = YES;
				CLANG_WARN_OBJC_ROOT_CLASS = YES_ERROR;
				CLANG_WARN_SUSPICIOUS_MOVE = YES;
				CLANG_WARN_UNREACHABLE_CODE = YES;
				CLANG_WARN__DUPLICATE_METHOD_MATCH = YES;
				"CODE_SIGN_IDENTITY[sdk=iphoneos*]" = "iPhone Developer";
				COPY_PHASE_STRIP = NO;
				DEBUG_INFORMATION_FORMAT = dwarf;
				ENABLE_STRICT_OBJC_MSGSEND = YES;
				ENABLE_TESTABILITY = YES;
				GCC_C_LANGUAGE_STANDARD = gnu99;
				GCC_DYNAMIC_NO_PIC = NO;
				GCC_NO_COMMON_BLOCKS = YES;
				GCC_OPTIMIZATION_LEVEL = 0;
				GCC_PREPROCESSOR_DEFINITIONS = (
					"DEBUG=1",
					"$(inherited)",
				);
				GCC_WARN_64_TO_32_BIT_CONVERSION = YES;
				GCC_WARN_ABOUT_RETURN_TYPE = YES_ERROR;
				GCC_WARN_UNDECLARED_SELECTOR = YES;
				GCC_WARN_UNINITIALIZED_AUTOS = YES_AGGRESSIVE;
				GCC_WARN_UNUSED_FUNCTION = YES;
				GCC_WARN_UNUSED_VARIABLE = YES;
				IPHONEOS_DEPLOYMENT_TARGET = 10.2;
				MTL_ENABLE_DEBUG_INFO = YES;
				ONLY_ACTIVE_ARCH = YES;
				SDKROOT = iphoneos;
				SWIFT_ACTIVE_COMPILATION_CONDITIONS = DEBUG;
				SWIFT_OPTIMIZATION_LEVEL = "-Onone";
				TARGETED_DEVICE_FAMILY = "1,2";
			};
			name = Debug;
		};
		01194F721E4C474000261BEC /* Release */ = {
			isa = XCBuildConfiguration;
			buildSettings = {
				ALWAYS_SEARCH_USER_PATHS = NO;
				CLANG_ANALYZER_NONNULL = YES;
				CLANG_CXX_LANGUAGE_STANDARD = "gnu++0x";
				CLANG_CXX_LIBRARY = "libc++";
				CLANG_ENABLE_MODULES = YES;
				CLANG_ENABLE_OBJC_ARC = YES;
				CLANG_WARN_BOOL_CONVERSION = YES;
				CLANG_WARN_CONSTANT_CONVERSION = YES;
				CLANG_WARN_DIRECT_OBJC_ISA_USAGE = YES_ERROR;
				CLANG_WARN_DOCUMENTATION_COMMENTS = YES;
				CLANG_WARN_EMPTY_BODY = YES;
				CLANG_WARN_ENUM_CONVERSION = YES;
				CLANG_WARN_INFINITE_RECURSION = YES;
				CLANG_WARN_INT_CONVERSION = YES;
				CLANG_WARN_OBJC_ROOT_CLASS = YES_ERROR;
				CLANG_WARN_SUSPICIOUS_MOVE = YES;
				CLANG_WARN_UNREACHABLE_CODE = YES;
				CLANG_WARN__DUPLICATE_METHOD_MATCH = YES;
				"CODE_SIGN_IDENTITY[sdk=iphoneos*]" = "iPhone Developer";
				COPY_PHASE_STRIP = NO;
				DEBUG_INFORMATION_FORMAT = "dwarf-with-dsym";
				ENABLE_NS_ASSERTIONS = NO;
				ENABLE_STRICT_OBJC_MSGSEND = YES;
				GCC_C_LANGUAGE_STANDARD = gnu99;
				GCC_NO_COMMON_BLOCKS = YES;
				GCC_WARN_64_TO_32_BIT_CONVERSION = YES;
				GCC_WARN_ABOUT_RETURN_TYPE = YES_ERROR;
				GCC_WARN_UNDECLARED_SELECTOR = YES;
				GCC_WARN_UNINITIALIZED_AUTOS = YES_AGGRESSIVE;
				GCC_WARN_UNUSED_FUNCTION = YES;
				GCC_WARN_UNUSED_VARIABLE = YES;
				IPHONEOS_DEPLOYMENT_TARGET = 10.2;
				MTL_ENABLE_DEBUG_INFO = NO;
				SDKROOT = iphoneos;
				SWIFT_OPTIMIZATION_LEVEL = "-Owholemodule";
				TARGETED_DEVICE_FAMILY = "1,2";
				VALIDATE_PRODUCT = YES;
			};
			name = Release;
		};
		01194F741E4C474000261BEC /* Debug */ = {
			isa = XCBuildConfiguration;
			buildSettings = {
				ASSETCATALOG_COMPILER_APPICON_NAME = AppIcon;
				INFOPLIST_FILE = FoodTracker/Info.plist;
				LD_RUNPATH_SEARCH_PATHS = "$(inherited) @executable_path/Frameworks";
				PRODUCT_BUNDLE_IDENTIFIER = "com.outlook-its2hot.FoodTracker";
				PRODUCT_NAME = "$(TARGET_NAME)";
				SWIFT_VERSION = 3.0;
			};
			name = Debug;
		};
		01194F751E4C474000261BEC /* Release */ = {
			isa = XCBuildConfiguration;
			buildSettings = {
				ASSETCATALOG_COMPILER_APPICON_NAME = AppIcon;
				INFOPLIST_FILE = FoodTracker/Info.plist;
				LD_RUNPATH_SEARCH_PATHS = "$(inherited) @executable_path/Frameworks";
				PRODUCT_BUNDLE_IDENTIFIER = "com.outlook-its2hot.FoodTracker";
				PRODUCT_NAME = "$(TARGET_NAME)";
				SWIFT_VERSION = 3.0;
			};
			name = Release;
		};
		01194F771E4C474000261BEC /* Debug */ = {
			isa = XCBuildConfiguration;
			buildSettings = {
				ALWAYS_EMBED_SWIFT_STANDARD_LIBRARIES = YES;
				BUNDLE_LOADER = "$(TEST_HOST)";
				INFOPLIST_FILE = FoodTrackerTests/Info.plist;
				LD_RUNPATH_SEARCH_PATHS = "$(inherited) @executable_path/Frameworks @loader_path/Frameworks";
				PRODUCT_BUNDLE_IDENTIFIER = "com.outlook-its2hot.FoodTrackerTests";
				PRODUCT_NAME = "$(TARGET_NAME)";
				SWIFT_VERSION = 3.0;
				TEST_HOST = "$(BUILT_PRODUCTS_DIR)/FoodTracker.app/FoodTracker";
			};
			name = Debug;
		};
		01194F781E4C474000261BEC /* Release */ = {
			isa = XCBuildConfiguration;
			buildSettings = {
				ALWAYS_EMBED_SWIFT_STANDARD_LIBRARIES = YES;
				BUNDLE_LOADER = "$(TEST_HOST)";
				INFOPLIST_FILE = FoodTrackerTests/Info.plist;
				LD_RUNPATH_SEARCH_PATHS = "$(inherited) @executable_path/Frameworks @loader_path/Frameworks";
				PRODUCT_BUNDLE_IDENTIFIER = "com.outlook-its2hot.FoodTrackerTests";
				PRODUCT_NAME = "$(TARGET_NAME)";
				SWIFT_VERSION = 3.0;
				TEST_HOST = "$(BUILT_PRODUCTS_DIR)/FoodTracker.app/FoodTracker";
			};
			name = Release;
		};
/* End XCBuildConfiguration section */

/* Begin XCConfigurationList section */
		01194F511E4C473E00261BEC /* Build configuration list for PBXProject "FoodTracker" */ = {
			isa = XCConfigurationList;
			buildConfigurations = (
				01194F711E4C474000261BEC /* Debug */,
				01194F721E4C474000261BEC /* Release */,
			);
			defaultConfigurationIsVisible = 0;
			defaultConfigurationName = Release;
		};
		01194F731E4C474000261BEC /* Build configuration list for PBXNativeTarget "FoodTracker" */ = {
			isa = XCConfigurationList;
			buildConfigurations = (
				01194F741E4C474000261BEC /* Debug */,
				01194F751E4C474000261BEC /* Release */,
			);
			defaultConfigurationIsVisible = 0;
			defaultConfigurationName = Release;
		};
		01194F761E4C474000261BEC /* Build configuration list for PBXNativeTarget "FoodTrackerTests" */ = {
			isa = XCConfigurationList;
			buildConfigurations = (
				01194F771E4C474000261BEC /* Debug */,
				01194F781E4C474000261BEC /* Release */,
			);
			defaultConfigurationIsVisible = 0;
			defaultConfigurationName = Release;
		};
/* End XCConfigurationList section */
	};
	rootObject = 01194F4E1E4C473E00261BEC /* Project object */;
}
